{
    "_meta": {
        "hash": {
            "sha256": "889de05814458d4e63b19b64d51c148a80cca527584e17f2518d5a58146908b4"
        },
        "pipfile-spec": 6,
        "requires": {
            "python_version": "3.8"
        },
        "sources": [
            {
                "name": "pypi",
                "url": "https://pypi.python.org/simple",
                "verify_ssl": true
            }
        ]
    },
    "default": {
        "asgiref": {
            "hashes": [
                "sha256:4ef1ab46b484e3c706329cedeff284a5d40824200638503f5768edb6de7d58e9",
                "sha256:ffc141aa908e6f175673e7b1b3b7af4fdb0ecb738fc5c8b88f69f055c2415214"
            ],
            "index": "pypi",
            "version": "==3.4.1"
        },
        "crispy-bootstrap5": {
            "hashes": [
                "sha256:ca5d2afc2a5d1cf12b8d057886a81002cdf7793afcbe0ce006c2294069c1f387",
                "sha256:e8c50daaf266d6127c7414f5669d5f2467b640d08b045ed9dd57e351d30609ae"
            ],
            "index": "pypi",
            "version": "==0.6"
        },
        "django": {
            "hashes": [
                "sha256:0fabc786489af16ad87a8c170ba9d42bfd23f7b699bd5ef05675864e8d012859",
                "sha256:72a4a5a136a214c39cf016ccdd6b69e2aa08c7479c66d93f3a9b5e4bb9d8a347"
            ],
            "index": "pypi",
            "version": "==3.1.14"
        },
        "django-crispy-forms": {
            "hashes": [
                "sha256:4dc9e5263c91c5f51766806a050ca2ec5c349d34c5cd91fcca3a1a0363b5e29e",
                "sha256:9c49d29dd9e98dc2e6e3a8b02670d72deb6edf7bc616986ca412d72c306b36a0"
            ],
            "index": "pypi",
            "version": "==1.13.0"
        },
        "gunicorn": {
            "hashes": [
                "sha256:9dcc4547dbb1cb284accfb15ab5667a0e5d1881cc443e0677b4882a4067a807e",
                "sha256:e0a968b5ba15f8a328fdfd7ab1fcb5af4470c28aaf7e55df02a99bc13138e6e8"
            ],
            "index": "pypi",
            "version": "==20.1.0"
        },
        "newrelic": {
            "hashes": [
                "sha256:1cb3ed22ed3c119e557f3a097b2bbcfb6c0aa5aa9842b1fa09d2a8145f4d931a",
                "sha256:25fa6091bb6881d9e2918655fe3f1390c080f6f74f9e6607555fb29230836d91",
                "sha256:48cac4a9815907df85e9ce287ec9c6172fe4faa57f1750663d8846104d51af78",
                "sha256:53835848acb863acc1bc415097156661c7f3c5d483bbfbf9cf19312182fcb797",
                "sha256:60c50b17a25128b1400a868304278128ce3d6379acb7b12893efcb5725922e45",
                "sha256:8a7f8e46bd02f39d2abb67c39b19a860e8b6ce2263a37ee1fa5744cbfef61f85",
                "sha256:9efdb7432457f4cdab03aa417bd1e80974786039c7fddff9fb0c71325e35eea7",
                "sha256:a5f3f9e87358bce7ab21789c52d4b16a586b21c6ac70deec2c34c5c87e96fc44",
                "sha256:b37e1fa55489a63dd3b76742fc357d02b18ced49ff4efb0da42865beae651956",
                "sha256:b85ccfdfef4ca3bb3a25afbbe5281cf2bcdac41e63d5d118e6a1fc405add09ec",
                "sha256:c59f76676529e8fb1627333622b9debd3cb825c4f1ee325d1d0249d35bdead0d",
                "sha256:e3d59a7d08c32bd386c804057618a2b68b829b2e444c42dddfc0da3eff0eeeb3",
                "sha256:ec3d2012c035e846e8c6ca0629decceb3f65eca88e787ab58fc0c56dbf933936",
                "sha256:fa5c6a4e8c3feadfc8c246631c631735c91b8f4f0a380add1b629415005b12c0",
                "sha256:fee14166041cfdf9743083b4398056d1cd8c727d4df2e3c2090e627ee33e3ddf"
            ],
            "index": "pypi",
            "version": "==7.2.4.171"
        },
        "pytz": {
            "hashes": [
                "sha256:3672058bc3453457b622aab7a1c3bfd5ab0bdae451512f6cf25f64ed37f5b87c",
                "sha256:acad2d8b20a1af07d4e4c9d2e9285c5ed9104354062f275f3fcd88dcef4f1326"
            ],
            "index": "pypi",
            "version": "==2021.3"
        },
        "sqlparse": {
            "hashes": [
                "sha256:0c00730c74263a94e5a9919ade150dfc3b19c574389985446148402998287dae",
                "sha256:48719e356bb8b42991bdbb1e8b83223757b93789c00910a616a071910ca4a64d"
            ],
            "index": "pypi",
            "version": "==0.4.2"
        },
        "whitenoise": {
            "hashes": [
                "sha256:d234b871b52271ae7ed6d9da47ffe857c76568f11dd30e28e18c5869dbd11e12",
                "sha256:d963ef25639d1417e8a247be36e6aedd8c7c6f0a08adcb5a89146980a96b577c"
            ],
            "index": "pypi",
            "version": "==5.3.0"
        }
    },
    "develop": {}
}
